// !$*UTF8*$!
{
	archiveVersion = 1;
	classes = {
	};
	objectVersion = 56;
	objects = {

/* Begin PBXBuildFile section */
		39A1F9DE29EE0F61003009F2 /* File_FinderApp.swift in Sources */ = {isa = PBXBuildFile; fileRef = 39A1F9DD29EE0F61003009F2 /* File_FinderApp.swift */; };
		39A1F9E029EE0F61003009F2 /* ContentView.swift in Sources */ = {isa = PBXBuildFile; fileRef = 39A1F9DF29EE0F61003009F2 /* ContentView.swift */; };
		39A1F9E229EE0F62003009F2 /* Assets.xcassets in Resources */ = {isa = PBXBuildFile; fileRef = 39A1F9E129EE0F62003009F2 /* Assets.xcassets */; };
		39A1F9E529EE0F62003009F2 /* Preview Assets.xcassets in Resources */ = {isa = PBXBuildFile; fileRef = 39A1F9E429EE0F62003009F2 /* Preview Assets.xcassets */; };
		39A1F9F029EE0F62003009F2 /* File_FinderTests.swift in Sources */ = {isa = PBXBuildFile; fileRef = 39A1F9EF29EE0F62003009F2 /* File_FinderTests.swift */; };
		39A1F9FA29EE0F62003009F2 /* File_FinderUITests.swift in Sources */ = {isa = PBXBuildFile; fileRef = 39A1F9F929EE0F62003009F2 /* File_FinderUITests.swift */; };
		39A1F9FC29EE0F62003009F2 /* File_FinderUITestsLaunchTests.swift in Sources */ = {isa = PBXBuildFile; fileRef = 39A1F9FB29EE0F62003009F2 /* File_FinderUITestsLaunchTests.swift */; };
/* End PBXBuildFile section */

/* Begin PBXContainerItemProxy section */
		39A1F9EC29EE0F62003009F2 /* PBXContainerItemProxy */ = {
			isa = PBXContainerItemProxy;
			containerPortal = 39A1F9D229EE0F61003009F2 /* Project object */;
			proxyType = 1;
			remoteGlobalIDString = 39A1F9D929EE0F61003009F2;
			remoteInfo = "File Finder";
		};
		39A1F9F629EE0F62003009F2 /* PBXContainerItemProxy */ = {
			isa = PBXContainerItemProxy;
			containerPortal = 39A1F9D229EE0F61003009F2 /* Project object */;
			proxyType = 1;
			remoteGlobalIDString = 39A1F9D929EE0F61003009F2;
			remoteInfo = "File Finder";
		};
/* End PBXContainerItemProxy section */

/* Begin PBXFileReference section */
		39A1F9DA29EE0F61003009F2 /* File Finder.app */ = {isa = PBXFileReference; explicitFileType = wrapper.application; includeInIndex = 0; path = "File Finder.app"; sourceTree = BUILT_PRODUCTS_DIR; };
		39A1F9DD29EE0F61003009F2 /* File_FinderApp.swift */ = {isa = PBXFileReference; lastKnownFileType = sourcecode.swift; path = File_FinderApp.swift; sourceTree = "<group>"; };
		39A1F9DF29EE0F61003009F2 /* ContentView.swift */ = {isa = PBXFileReference; lastKnownFileType = sourcecode.swift; path = ContentView.swift; sourceTree = "<group>"; };
		39A1F9E129EE0F62003009F2 /* Assets.xcassets */ = {isa = PBXFileReference; lastKnownFileType = folder.assetcatalog; path = Assets.xcassets; sourceTree = "<group>"; };
		39A1F9E429EE0F62003009F2 /* Preview Assets.xcassets */ = {isa = PBXFileReference; lastKnownFileType = folder.assetcatalog; path = "Preview Assets.xcassets"; sourceTree = "<group>"; };
		39A1F9E629EE0F62003009F2 /* File_Finder.entitlements */ = {isa = PBXFileReference; lastKnownFileType = text.plist.entitlements; path = File_Finder.entitlements; sourceTree = "<group>"; };
		39A1F9EB29EE0F62003009F2 /* File FinderTests.xctest */ = {isa = PBXFileReference; explicitFileType = wrapper.cfbundle; includeInIndex = 0; path = "File FinderTests.xctest"; sourceTree = BUILT_PRODUCTS_DIR; };
		39A1F9EF29EE0F62003009F2 /* File_FinderTests.swift */ = {isa = PBXFileReference; lastKnownFileType = sourcecode.swift; path = File_FinderTests.swift; sourceTree = "<group>"; };
		39A1F9F529EE0F62003009F2 /* File FinderUITests.xctest */ = {isa = PBXFileReference; explicitFileType = wrapper.cfbundle; includeInIndex = 0; path = "File FinderUITests.xctest"; sourceTree = BUILT_PRODUCTS_DIR; };
		39A1F9F929EE0F62003009F2 /* File_FinderUITests.swift */ = {isa = PBXFileReference; lastKnownFileType = sourcecode.swift; path = File_FinderUITests.swift; sourceTree = "<group>"; };
		39A1F9FB29EE0F62003009F2 /* File_FinderUITestsLaunchTests.swift */ = {isa = PBXFileReference; lastKnownFileType = sourcecode.swift; path = File_FinderUITestsLaunchTests.swift; sourceTree = "<group>"; };
/* End PBXFileReference section */

/* Begin PBXFrameworksBuildPhase section */
		39A1F9D729EE0F61003009F2 /* Frameworks */ = {
			isa = PBXFrameworksBuildPhase;
			buildActionMask = 2147483647;
			files = (
			);
			runOnlyForDeploymentPostprocessing = 0;
		};
		39A1F9E829EE0F62003009F2 /* Frameworks */ = {
			isa = PBXFrameworksBuildPhase;
			buildActionMask = 2147483647;
			files = (
			);
			runOnlyForDeploymentPostprocessing = 0;
		};
		39A1F9F229EE0F62003009F2 /* Frameworks */ = {
			isa = PBXFrameworksBuildPhase;
			buildActionMask = 2147483647;
			files = (
			);
			runOnlyForDeploymentPostprocessing = 0;
		};
/* End PBXFrameworksBuildPhase section */

/* Begin PBXGroup section */
		39A1F9D129EE0F61003009F2 = {
			isa = PBXGroup;
			children = (
				39A1F9DC29EE0F61003009F2 /* File Finder */,
				39A1F9EE29EE0F62003009F2 /* File FinderTests */,
				39A1F9F829EE0F62003009F2 /* File FinderUITests */,
				39A1F9DB29EE0F61003009F2 /* Products */,
			);
			sourceTree = "<group>";
		};
		39A1F9DB29EE0F61003009F2 /* Products */ = {
			isa = PBXGroup;
			children = (
				39A1F9DA29EE0F61003009F2 /* File Finder.app */,
				39A1F9EB29EE0F62003009F2 /* File FinderTests.xctest */,
				39A1F9F529EE0F62003009F2 /* File FinderUITests.xctest */,
			);
			name = Products;
			sourceTree = "<group>";
		};
		39A1F9DC29EE0F61003009F2 /* File Finder */ = {
			isa = PBXGroup;
			children = (
				39A1F9DD29EE0F61003009F2 /* File_FinderApp.swift */,
				39A1F9DF29EE0F61003009F2 /* ContentView.swift */,
				39A1F9E129EE0F62003009F2 /* Assets.xcassets */,
				39A1F9E629EE0F62003009F2 /* File_Finder.entitlements */,
				39A1F9E329EE0F62003009F2 /* Preview Content */,
			);
			path = "File Finder";
			sourceTree = "<group>";
		};
		39A1F9E329EE0F62003009F2 /* Preview Content */ = {
			isa = PBXGroup;
			children = (
				39A1F9E429EE0F62003009F2 /* Preview Assets.xcassets */,
			);
			path = "Preview Content";
			sourceTree = "<group>";
		};
		39A1F9EE29EE0F62003009F2 /* File FinderTests */ = {
			isa = PBXGroup;
			children = (
				39A1F9EF29EE0F62003009F2 /* File_FinderTests.swift */,
			);
			path = "File FinderTests";
			sourceTree = "<group>";
		};
		39A1F9F829EE0F62003009F2 /* File FinderUITests */ = {
			isa = PBXGroup;
			children = (
				39A1F9F929EE0F62003009F2 /* File_FinderUITests.swift */,
				39A1F9FB29EE0F62003009F2 /* File_FinderUITestsLaunchTests.swift */,
			);
			path = "File FinderUITests";
			sourceTree = "<group>";
		};
/* End PBXGroup section */

/* Begin PBXNativeTarget section */
		39A1F9D929EE0F61003009F2 /* File Finder */ = {
			isa = PBXNativeTarget;
			buildConfigurationList = 39A1F9FF29EE0F62003009F2 /* Build configuration list for PBXNativeTarget "File Finder" */;
			buildPhases = (
				39A1F9D629EE0F61003009F2 /* Sources */,
				39A1F9D729EE0F61003009F2 /* Frameworks */,
				39A1F9D829EE0F61003009F2 /* Resources */,
			);
			buildRules = (
			);
			dependencies = (
			);
			name = "File Finder";
			productName = "File Finder";
			productReference = 39A1F9DA29EE0F61003009F2 /* File Finder.app */;
			productType = "com.apple.product-type.application";
		};
		39A1F9EA29EE0F62003009F2 /* File FinderTests */ = {
			isa = PBXNativeTarget;
			buildConfigurationList = 39A1FA0229EE0F62003009F2 /* Build configuration list for PBXNativeTarget "File FinderTests" */;
			buildPhases = (
				39A1F9E729EE0F62003009F2 /* Sources */,
				39A1F9E829EE0F62003009F2 /* Frameworks */,
				39A1F9E929EE0F62003009F2 /* Resources */,
			);
			buildRules = (
			);
			dependencies = (
				39A1F9ED29EE0F62003009F2 /* PBXTargetDependency */,
			);
			name = "File FinderTests";
			productName = "File FinderTests";
			productReference = 39A1F9EB29EE0F62003009F2 /* File FinderTests.xctest */;
			productType = "com.apple.product-type.bundle.unit-test";
		};
		39A1F9F429EE0F62003009F2 /* File FinderUITests */ = {
			isa = PBXNativeTarget;
			buildConfigurationList = 39A1FA0529EE0F62003009F2 /* Build configuration list for PBXNativeTarget "File FinderUITests" */;
			buildPhases = (
				39A1F9F129EE0F62003009F2 /* Sources */,
				39A1F9F229EE0F62003009F2 /* Frameworks */,
				39A1F9F329EE0F62003009F2 /* Resources */,
			);
			buildRules = (
			);
			dependencies = (
				39A1F9F729EE0F62003009F2 /* PBXTargetDependency */,
			);
			name = "File FinderUITests";
			productName = "File FinderUITests";
			productReference = 39A1F9F529EE0F62003009F2 /* File FinderUITests.xctest */;
			productType = "com.apple.product-type.bundle.ui-testing";
		};
/* End PBXNativeTarget section */

/* Begin PBXProject section */
		39A1F9D229EE0F61003009F2 /* Project object */ = {
			isa = PBXProject;
			attributes = {
				BuildIndependentTargetsInParallel = 1;
				LastSwiftUpdateCheck = 1430;
				LastUpgradeCheck = 1430;
				TargetAttributes = {
					39A1F9D929EE0F61003009F2 = {
						CreatedOnToolsVersion = 14.3;
					};
					39A1F9EA29EE0F62003009F2 = {
						CreatedOnToolsVersion = 14.3;
						TestTargetID = 39A1F9D929EE0F61003009F2;
					};
					39A1F9F429EE0F62003009F2 = {
						CreatedOnToolsVersion = 14.3;
						TestTargetID = 39A1F9D929EE0F61003009F2;
					};
				};
			};
			buildConfigurationList = 39A1F9D529EE0F61003009F2 /* Build configuration list for PBXProject "File Finder" */;
			compatibilityVersion = "Xcode 14.0";
			developmentRegion = en;
			hasScannedForEncodings = 0;
			knownRegions = (
				en,
				Base,
			);
			mainGroup = 39A1F9D129EE0F61003009F2;
			productRefGroup = 39A1F9DB29EE0F61003009F2 /* Products */;
			projectDirPath = "";
			projectRoot = "";
			targets = (
				39A1F9D929EE0F61003009F2 /* File Finder */,
				39A1F9EA29EE0F62003009F2 /* File FinderTests */,
				39A1F9F429EE0F62003009F2 /* File FinderUITests */,
			);
		};
/* End PBXProject section */

/* Begin PBXResourcesBuildPhase section */
		39A1F9D829EE0F61003009F2 /* Resources */ = {
			isa = PBXResourcesBuildPhase;
			buildActionMask = 2147483647;
			files = (
				39A1F9E529EE0F62003009F2 /* Preview Assets.xcassets in Resources */,
				39A1F9E229EE0F62003009F2 /* Assets.xcassets in Resources */,
			);
			runOnlyForDeploymentPostprocessing = 0;
		};
		39A1F9E929EE0F62003009F2 /* Resources */ = {
			isa = PBXResourcesBuildPhase;
			buildActionMask = 2147483647;
			files = (
			);
			runOnlyForDeploymentPostprocessing = 0;
		};
		39A1F9F329EE0F62003009F2 /* Resources */ = {
			isa = PBXResourcesBuildPhase;
			buildActionMask = 2147483647;
			files = (
			);
			runOnlyForDeploymentPostprocessing = 0;
		};
/* End PBXResourcesBuildPhase section */

/* Begin PBXSourcesBuildPhase section */
		39A1F9D629EE0F61003009F2 /* Sources */ = {
			isa = PBXSourcesBuildPhase;
			buildActionMask = 2147483647;
			files = (
				39A1F9E029EE0F61003009F2 /* ContentView.swift in Sources */,
				39A1F9DE29EE0F61003009F2 /* File_FinderApp.swift in Sources */,
			);
			runOnlyForDeploymentPostprocessing = 0;
		};
		39A1F9E729EE0F62003009F2 /* Sources */ = {
			isa = PBXSourcesBuildPhase;
			buildActionMask = 2147483647;
			files = (
				39A1F9F029EE0F62003009F2 /* File_FinderTests.swift in Sources */,
			);
			runOnlyForDeploymentPostprocessing = 0;
		};
		39A1F9F129EE0F62003009F2 /* Sources */ = {
			isa = PBXSourcesBuildPhase;
			buildActionMask = 2147483647;
			files = (
				39A1F9FC29EE0F62003009F2 /* File_FinderUITestsLaunchTests.swift in Sources */,
				39A1F9FA29EE0F62003009F2 /* File_FinderUITests.swift in Sources */,
			);
			runOnlyForDeploymentPostprocessing = 0;
		};
/* End PBXSourcesBuildPhase section */

/* Begin PBXTargetDependency section */
		39A1F9ED29EE0F62003009F2 /* PBXTargetDependency */ = {
			isa = PBXTargetDependency;
			target = 39A1F9D929EE0F61003009F2 /* File Finder */;
			targetProxy = 39A1F9EC29EE0F62003009F2 /* PBXContainerItemProxy */;
		};
		39A1F9F729EE0F62003009F2 /* PBXTargetDependency */ = {
			isa = PBXTargetDependency;
			target = 39A1F9D929EE0F61003009F2 /* File Finder */;
			targetProxy = 39A1F9F629EE0F62003009F2 /* PBXContainerItemProxy */;
		};
/* End PBXTargetDependency section */

/* Begin XCBuildConfiguration section */
		39A1F9FD29EE0F62003009F2 /* Debug */ = {
			isa = XCBuildConfiguration;
			buildSettings = {
				ALWAYS_SEARCH_USER_PATHS = NO;
				CLANG_ANALYZER_NONNULL = YES;
				CLANG_ANALYZER_NUMBER_OBJECT_CONVERSION = YES_AGGRESSIVE;
				CLANG_CXX_LANGUAGE_STANDARD = "gnu++20";
				CLANG_ENABLE_MODULES = YES;
				CLANG_ENABLE_OBJC_ARC = YES;
				CLANG_ENABLE_OBJC_WEAK = YES;
				CLANG_WARN_BLOCK_CAPTURE_AUTORELEASING = YES;
				CLANG_WARN_BOOL_CONVERSION = YES;
				CLANG_WARN_COMMA = YES;
				CLANG_WARN_CONSTANT_CONVERSION = YES;
				CLANG_WARN_DEPRECATED_OBJC_IMPLEMENTATIONS = YES;
				CLANG_WARN_DIRECT_OBJC_ISA_USAGE = YES_ERROR;
				CLANG_WARN_DOCUMENTATION_COMMENTS = YES;
				CLANG_WARN_EMPTY_BODY = YES;
				CLANG_WARN_ENUM_CONVERSION = YES;
				CLANG_WARN_INFINITE_RECURSION = YES;
				CLANG_WARN_INT_CONVERSION = YES;
				CLANG_WARN_NON_LITERAL_NULL_CONVERSION = YES;
				CLANG_WARN_OBJC_IMPLICIT_RETAIN_SELF = YES;
				CLANG_WARN_OBJC_LITERAL_CONVERSION = YES;
				CLANG_WARN_OBJC_ROOT_CLASS = YES_ERROR;
				CLANG_WARN_QUOTED_INCLUDE_IN_FRAMEWORK_HEADER = YES;
				CLANG_WARN_RANGE_LOOP_ANALYSIS = YES;
				CLANG_WARN_STRICT_PROTOTYPES = YES;
				CLANG_WARN_SUSPICIOUS_MOVE = YES;
				CLANG_WARN_UNGUARDED_AVAILABILITY = YES_AGGRESSIVE;
				CLANG_WARN_UNREACHABLE_CODE = YES;
				CLANG_WARN__DUPLICATE_METHOD_MATCH = YES;
				COPY_PHASE_STRIP = NO;
				DEBUG_INFORMATION_FORMAT = dwarf;
				ENABLE_STRICT_OBJC_MSGSEND = YES;
				ENABLE_TESTABILITY = YES;
				GCC_C_LANGUAGE_STANDARD = gnu11;
				GCC_DYNAMIC_NO_PIC = NO;
				GCC_NO_COMMON_BLOCKS = YES;
				GCC_OPTIMIZATION_LEVEL = 0;
				GCC_PREPROCESSOR_DEFINITIONS = (
					"DEBUG=1",
					"$(inherited)",
				);
				GCC_WARN_64_TO_32_BIT_CONVERSION = YES;
				GCC_WARN_ABOUT_RETURN_TYPE = YES_ERROR;
				GCC_WARN_UNDECLARED_SELECTOR = YES;
				GCC_WARN_UNINITIALIZED_AUTOS = YES_AGGRESSIVE;
				GCC_WARN_UNUSED_FUNCTION = YES;
				GCC_WARN_UNUSED_VARIABLE = YES;
				MACOSX_DEPLOYMENT_TARGET = 13.3;
				MTL_ENABLE_DEBUG_INFO = INCLUDE_SOURCE;
				MTL_FAST_MATH = YES;
				ONLY_ACTIVE_ARCH = NO;
				SDKROOT = macosx;
				SWIFT_ACTIVE_COMPILATION_CONDITIONS = DEBUG;
				SWIFT_OPTIMIZATION_LEVEL = "-Onone";
			};
			name = Debug;
		};
		39A1F9FE29EE0F62003009F2 /* Release */ = {
			isa = XCBuildConfiguration;
			buildSettings = {
				ALWAYS_SEARCH_USER_PATHS = NO;
				CLANG_ANALYZER_NONNULL = YES;
				CLANG_ANALYZER_NUMBER_OBJECT_CONVERSION = YES_AGGRESSIVE;
				CLANG_CXX_LANGUAGE_STANDARD = "gnu++20";
				CLANG_ENABLE_MODULES = YES;
				CLANG_ENABLE_OBJC_ARC = YES;
				CLANG_ENABLE_OBJC_WEAK = YES;
				CLANG_WARN_BLOCK_CAPTURE_AUTORELEASING = YES;
				CLANG_WARN_BOOL_CONVERSION = YES;
				CLANG_WARN_COMMA = YES;
				CLANG_WARN_CONSTANT_CONVERSION = YES;
				CLANG_WARN_DEPRECATED_OBJC_IMPLEMENTATIONS = YES;
				CLANG_WARN_DIRECT_OBJC_ISA_USAGE = YES_ERROR;
				CLANG_WARN_DOCUMENTATION_COMMENTS = YES;
				CLANG_WARN_EMPTY_BODY = YES;
				CLANG_WARN_ENUM_CONVERSION = YES;
				CLANG_WARN_INFINITE_RECURSION = YES;
				CLANG_WARN_INT_CONVERSION = YES;
				CLANG_WARN_NON_LITERAL_NULL_CONVERSION = YES;
				CLANG_WARN_OBJC_IMPLICIT_RETAIN_SELF = YES;
				CLANG_WARN_OBJC_LITERAL_CONVERSION = YES;
				CLANG_WARN_OBJC_ROOT_CLASS = YES_ERROR;
				CLANG_WARN_QUOTED_INCLUDE_IN_FRAMEWORK_HEADER = YES;
				CLANG_WARN_RANGE_LOOP_ANALYSIS = YES;
				CLANG_WARN_STRICT_PROTOTYPES = YES;
				CLANG_WARN_SUSPICIOUS_MOVE = YES;
				CLANG_WARN_UNGUARDED_AVAILABILITY = YES_AGGRESSIVE;
				CLANG_WARN_UNREACHABLE_CODE = YES;
				CLANG_WARN__DUPLICATE_METHOD_MATCH = YES;
				COPY_PHASE_STRIP = NO;
				DEBUG_INFORMATION_FORMAT = "dwarf-with-dsym";
				ENABLE_NS_ASSERTIONS = NO;
				ENABLE_STRICT_OBJC_MSGSEND = YES;
				GCC_C_LANGUAGE_STANDARD = gnu11;
				GCC_NO_COMMON_BLOCKS = YES;
				GCC_WARN_64_TO_32_BIT_CONVERSION = YES;
				GCC_WARN_ABOUT_RETURN_TYPE = YES_ERROR;
				GCC_WARN_UNDECLARED_SELECTOR = YES;
				GCC_WARN_UNINITIALIZED_AUTOS = YES_AGGRESSIVE;
				GCC_WARN_UNUSED_FUNCTION = YES;
				GCC_WARN_UNUSED_VARIABLE = YES;
				MACOSX_DEPLOYMENT_TARGET = 13.3;
				MTL_ENABLE_DEBUG_INFO = NO;
				MTL_FAST_MATH = YES;
				ONLY_ACTIVE_ARCH = NO;
				SDKROOT = macosx;
				SWIFT_COMPILATION_MODE = wholemodule;
				SWIFT_OPTIMIZATION_LEVEL = "-O";
			};
			name = Release;
		};
		39A1FA0029EE0F62003009F2 /* Debug */ = {
			isa = XCBuildConfiguration;
			buildSettings = {
				ASSETCATALOG_COMPILER_APPICON_NAME = AppIcon;
				ASSETCATALOG_COMPILER_GLOBAL_ACCENT_COLOR_NAME = AccentColor;
				CODE_SIGN_ENTITLEMENTS = "File Finder/File_Finder.entitlements";
				CODE_SIGN_STYLE = Automatic;
				COMBINE_HIDPI_IMAGES = YES;
				CURRENT_PROJECT_VERSION = 1;
				DEVELOPMENT_ASSET_PATHS = "\"File Finder/Preview Content\"";
				DEVELOPMENT_TEAM = 7UKM4R82H9;
				ENABLE_HARDENED_RUNTIME = YES;
				ENABLE_PREVIEWS = YES;
				GENERATE_INFOPLIST_FILE = YES;
				INFOPLIST_KEY_NSHumanReadableCopyright = "";
				LD_RUNPATH_SEARCH_PATHS = (
					"$(inherited)",
					"@executable_path/../Frameworks",
				);
				MARKETING_VERSION = 1.0;
				PRODUCT_BUNDLE_IDENTIFIER = "com.benwaco.File-Finder";
				PRODUCT_NAME = "$(TARGET_NAME)";
				SWIFT_EMIT_LOC_STRINGS = YES;
				SWIFT_VERSION = 5.0;
			};
			name = Debug;
		};
		39A1FA0129EE0F62003009F2 /* Release */ = {
			isa = XCBuildConfiguration;
			buildSettings = {
				ASSETCATALOG_COMPILER_APPICON_NAME = AppIcon;
				ASSETCATALOG_COMPILER_GLOBAL_ACCENT_COLOR_NAME = AccentColor;
				CODE_SIGN_ENTITLEMENTS = "File Finder/File_Finder.entitlements";
				CODE_SIGN_STYLE = Automatic;
				COMBINE_HIDPI_IMAGES = YES;
				CURRENT_PROJECT_VERSION = 1;
				DEVELOPMENT_ASSET_PATHS = "\"File Finder/Preview Content\"";
				DEVELOPMENT_TEAM = 7UKM4R82H9;
				ENABLE_HARDENED_RUNTIME = YES;
				ENABLE_PREVIEWS = YES;
				GENERATE_INFOPLIST_FILE = YES;
				INFOPLIST_KEY_NSHumanReadableCopyright = "";
				LD_RUNPATH_SEARCH_PATHS = (
					"$(inherited)",
					"@executable_path/../Frameworks",
				);
				MARKETING_VERSION = 1.0;
				PRODUCT_BUNDLE_IDENTIFIER = "com.benwaco.File-Finder";
				PRODUCT_NAME = "$(TARGET_NAME)";
				SWIFT_EMIT_LOC_STRINGS = YES;
				SWIFT_VERSION = 5.0;
			};
			name = Release;
		};
		39A1FA0329EE0F62003009F2 /* Debug */ = {
			isa = XCBuildConfiguration;
			buildSettings = {
				ALWAYS_EMBED_SWIFT_STANDARD_LIBRARIES = YES;
				BUNDLE_LOADER = "$(TEST_HOST)";
				CODE_SIGN_STYLE = Automatic;
				CURRENT_PROJECT_VERSION = 1;
				DEVELOPMENT_TEAM = 7UKM4R82H9;
				GENERATE_INFOPLIST_FILE = YES;
				MACOSX_DEPLOYMENT_TARGET = 13.3;
				MARKETING_VERSION = 1.0;
				PRODUCT_BUNDLE_IDENTIFIER = "com.benwaco.File-FinderTests";
				PRODUCT_NAME = "$(TARGET_NAME)";
				SWIFT_EMIT_LOC_STRINGS = NO;
				SWIFT_VERSION = 5.0;
				TEST_HOST = "$(BUILT_PRODUCTS_DIR)/File Finder.app/$(BUNDLE_EXECUTABLE_FOLDER_PATH)/File Finder";
			};
			name = Debug;
		};
		39A1FA0429EE0F62003009F2 /* Release */ = {
			isa = XCBuildConfiguration;
			buildSettings = {
				ALWAYS_EMBED_SWIFT_STANDARD_LIBRARIES = YES;
				BUNDLE_LOADER = "$(TEST_HOST)";
				CODE_SIGN_STYLE = Automatic;
				CURRENT_PROJECT_VERSION = 1;
				DEVELOPMENT_TEAM = 7UKM4R82H9;
				GENERATE_INFOPLIST_FILE = YES;
				MACOSX_DEPLOYMENT_TARGET = 13.3;
				MARKETING_VERSION = 1.0;
				PRODUCT_BUNDLE_IDENTIFIER = "com.benwaco.File-FinderTests";
				PRODUCT_NAME = "$(TARGET_NAME)";
				SWIFT_EMIT_LOC_STRINGS = NO;
				SWIFT_VERSION = 5.0;
				TEST_HOST = "$(BUILT_PRODUCTS_DIR)/File Finder.app/$(BUNDLE_EXECUTABLE_FOLDER_PATH)/File Finder";
			};
			name = Release;
		};
		39A1FA0629EE0F62003009F2 /* Debug */ = {
			isa = XCBuildConfiguration;
			buildSettings = {
				ALWAYS_EMBED_SWIFT_STANDARD_LIBRARIES = YES;
				CODE_SIGN_STYLE = Automatic;
				CURRENT_PROJECT_VERSION = 1;
				DEVELOPMENT_TEAM = 7UKM4R82H9;
				GENERATE_INFOPLIST_FILE = YES;
				MARKETING_VERSION = 1.0;
				PRODUCT_BUNDLE_IDENTIFIER = "com.benwaco.File-FinderUITests";
				PRODUCT_NAME = "$(TARGET_NAME)";
				SWIFT_EMIT_LOC_STRINGS = NO;
				SWIFT_VERSION = 5.0;
				TEST_TARGET_NAME = "File Finder";
			};
			name = Debug;
		};
		39A1FA0729EE0F62003009F2 /* Release */ = {
			isa = XCBuildConfiguration;
			buildSettings = {
				ALWAYS_EMBED_SWIFT_STANDARD_LIBRARIES = YES;
				CODE_SIGN_STYLE = Automatic;
				CURRENT_PROJECT_VERSION = 1;
				DEVELOPMENT_TEAM = 7UKM4R82H9;
				GENERATE_INFOPLIST_FILE = YES;
				MARKETING_VERSION = 1.0;
				PRODUCT_BUNDLE_IDENTIFIER = "com.benwaco.File-FinderUITests";
				PRODUCT_NAME = "$(TARGET_NAME)";
				SWIFT_EMIT_LOC_STRINGS = NO;
				SWIFT_VERSION = 5.0;
				TEST_TARGET_NAME = "File Finder";
			};
			name = Release;
		};
/* End XCBuildConfiguration section */

/* Begin XCConfigurationList section */
		39A1F9D529EE0F61003009F2 /* Build configuration list for PBXProject "File Finder" */ = {
			isa = XCConfigurationList;
			buildConfigurations = (
				39A1F9FD29EE0F62003009F2 /* Debug */,
				39A1F9FE29EE0F62003009F2 /* Release */,
			);
			defaultConfigurationIsVisible = 0;
			defaultConfigurationName = Release;
		};
		39A1F9FF29EE0F62003009F2 /* Build configuration list for PBXNativeTarget "File Finder" */ = {
			isa = XCConfigurationList;
			buildConfigurations = (
				39A1FA0029EE0F62003009F2 /* Debug */,
				39A1FA0129EE0F62003009F2 /* Release */,
			);
			defaultConfigurationIsVisible = 0;
			defaultConfigurationName = Release;
		};
		39A1FA0229EE0F62003009F2 /* Build configuration list for PBXNativeTarget "File FinderTests" */ = {
			isa = XCConfigurationList;
			buildConfigurations = (
				39A1FA0329EE0F62003009F2 /* Debug */,
				39A1FA0429EE0F62003009F2 /* Release */,
			);
			defaultConfigurationIsVisible = 0;
			defaultConfigurationName = Release;
		};
		39A1FA0529EE0F62003009F2 /* Build configuration list for PBXNativeTarget "File FinderUITests" */ = {
			isa = XCConfigurationList;
			buildConfigurations = (
				39A1FA0629EE0F62003009F2 /* Debug */,
				39A1FA0729EE0F62003009F2 /* Release */,
			);
			defaultConfigurationIsVisible = 0;
			defaultConfigurationName = Release;
		};
/* End XCConfigurationList section */
	};
	rootObject = 39A1F9D229EE0F61003009F2 /* Project object */;
}
